
Microsoft Visual Studio Solution File, Format Version 12.00
# Visual Studio Version 17
VisualStudioVersion = 17.10.35122.118
MinimumVisualStudioVersion = 10.0.40219.1
Project("{FAE04EC0-301F-11D3-BF4B-00C04F79EFBC}") = "SwiftMsgAssignment", "SwiftMsgAssignment\SwiftMsgAssignment.csproj", "{608F80EA-78F4-4AC3-98D5-0AC588DC066A}"
EndProject
Global
	GlobalSection(SolutionConfigurationPlatforms) = preSolution
		Debug|Any CPU = Debug|Any CPU
		Release|Any CPU = Release|Any CPU
	EndGlobalSection
	GlobalSection(ProjectConfigurationPlatforms) = postSolution
		{608F80EA-78F4-4AC3-98D5-0AC588DC066A}.Debug|Any CPU.ActiveCfg = Debug|Any CPU
		{608F80EA-78F4-4AC3-98D5-0AC588DC066A}.Debug|Any CPU.Build.0 = Debug|Any CPU
		{608F80EA-78F4-4AC3-98D5-0AC588DC066A}.Release|Any CPU.ActiveCfg = Release|Any CPU
		{608F80EA-78F4-4AC3-98D5-0AC588DC066A}.Release|Any CPU.Build.0 = Release|Any CPU
	EndGlobalSection
	GlobalSection(SolutionProperties) = preSolution
		HideSolutionNode = FALSE
	EndGlobalSection
	GlobalSection(ExtensibilityGlobals) = postSolution
		SolutionGuid = {04A09085-7369-42FF-A30D-2E6F023E326D}
	EndGlobalSection
EndGlobal
